{
  "object": {
    "pins": [
      {
        "package": "Archivable",
        "repositoryURL": "https://github.com/archivable/package.git",
        "state": {
          "branch": "main",
          "revision": "bf153b88a5d4a0a4f38758d1210b8b335fe50c5f",
          "version": null
        }
      }
    ]
  },
  "version": 1
}
