{
  "object": {
    "pins": [
      {
        "package": "Archivable",
        "repositoryURL": "https://github.com/archivable/package.git",
        "state": {
          "branch": "main",
          "revision": "98d162acce03585a18d7538d118fa79c1f58b809",
          "version": null
        }
      }
    ]
  },
  "version": 1
}
