{
  "object": {
    "pins": [
      {
        "package": "Archivable",
        "repositoryURL": "https://github.com/archivable/package.git",
        "state": {
          "branch": "main",
          "revision": "9a78755c809f343c295b3efb471163f434aa9696",
          "version": null
        }
      }
    ]
  },
  "version": 1
}
